
Microsoft Visual Studio Solution File, Format Version 12.00
# Visual Studio 15
VisualStudioVersion = 15.0.26430.15
MinimumVisualStudioVersion = 10.0.40219.1
Project("{FAE04EC0-301F-11D3-BF4B-00C04F79EFBC}") = "Proto.Mailbox", "Proto.Mailbox\Proto.Mailbox.csproj", "{D4EE4171-560A-488D-97E3-BEC46722747A}"
EndProject
Project("{FAE04EC0-301F-11D3-BF4B-00C04F79EFBC}") = "Proto.Actor", "Proto.Actor\Proto.Actor.csproj", "{FC81CECE-10D2-480D-AAEF-5B29C6481810}"
EndProject
Project("{FAE04EC0-301F-11D3-BF4B-00C04F79EFBC}") = "DebuggingMissingTypes", "DebuggingMissingTypes\DebuggingMissingTypes.csproj", "{54E88B94-3465-4A7E-BC03-028B74932E04}"
EndProject
Global
	GlobalSection(SolutionConfigurationPlatforms) = preSolution
		Debug|Any CPU = Debug|Any CPU
		Release|Any CPU = Release|Any CPU
	EndGlobalSection
	GlobalSection(ProjectConfigurationPlatforms) = postSolution
		{D4EE4171-560A-488D-97E3-BEC46722747A}.Debug|Any CPU.ActiveCfg = Debug|Any CPU
		{D4EE4171-560A-488D-97E3-BEC46722747A}.Debug|Any CPU.Build.0 = Debug|Any CPU
		{D4EE4171-560A-488D-97E3-BEC46722747A}.Release|Any CPU.ActiveCfg = Release|Any CPU
		{D4EE4171-560A-488D-97E3-BEC46722747A}.Release|Any CPU.Build.0 = Release|Any CPU
		{FC81CECE-10D2-480D-AAEF-5B29C6481810}.Debug|Any CPU.ActiveCfg = Debug|Any CPU
		{FC81CECE-10D2-480D-AAEF-5B29C6481810}.Debug|Any CPU.Build.0 = Debug|Any CPU
		{FC81CECE-10D2-480D-AAEF-5B29C6481810}.Release|Any CPU.ActiveCfg = Release|Any CPU
		{FC81CECE-10D2-480D-AAEF-5B29C6481810}.Release|Any CPU.Build.0 = Release|Any CPU
		{54E88B94-3465-4A7E-BC03-028B74932E04}.Debug|Any CPU.ActiveCfg = Debug|Any CPU
		{54E88B94-3465-4A7E-BC03-028B74932E04}.Debug|Any CPU.Build.0 = Debug|Any CPU
		{54E88B94-3465-4A7E-BC03-028B74932E04}.Release|Any CPU.ActiveCfg = Release|Any CPU
		{54E88B94-3465-4A7E-BC03-028B74932E04}.Release|Any CPU.Build.0 = Release|Any CPU
	EndGlobalSection
	GlobalSection(SolutionProperties) = preSolution
		HideSolutionNode = FALSE
	EndGlobalSection
EndGlobal
